
Microsoft Visual Studio Solution File, Format Version 12.00
# Visual Studio Version 17
VisualStudioVersion = 17.14.36414.22 d17.14
MinimumVisualStudioVersion = 10.0.40219.1
Project("{FAE04EC0-301F-11D3-BF4B-00C04F79EFBC}") = "2. Student Inheritance", "2. Student Inheritance\2. Student Inheritance.csproj", "{735F529F-6F34-4FAE-A863-EE38EA8F7FD0}"
EndProject
Global
	GlobalSection(SolutionConfigurationPlatforms) = preSolution
		Debug|Any CPU = Debug|Any CPU
		Release|Any CPU = Release|Any CPU
	EndGlobalSection
	GlobalSection(ProjectConfigurationPlatforms) = postSolution
		{735F529F-6F34-4FAE-A863-EE38EA8F7FD0}.Debug|Any CPU.ActiveCfg = Debug|Any CPU
		{735F529F-6F34-4FAE-A863-EE38EA8F7FD0}.Debug|Any CPU.Build.0 = Debug|Any CPU
		{735F529F-6F34-4FAE-A863-EE38EA8F7FD0}.Release|Any CPU.ActiveCfg = Release|Any CPU
		{735F529F-6F34-4FAE-A863-EE38EA8F7FD0}.Release|Any CPU.Build.0 = Release|Any CPU
	EndGlobalSection
	GlobalSection(SolutionProperties) = preSolution
		HideSolutionNode = FALSE
	EndGlobalSection
	GlobalSection(ExtensibilityGlobals) = postSolution
		SolutionGuid = {78A5E5B0-0825-4B6F-9E76-745542F77912}
	EndGlobalSection
EndGlobal
